
Microsoft Visual Studio Solution File, Format Version 12.00
# Visual Studio 2013
VisualStudioVersion = 12.0.30324.0
MinimumVisualStudioVersion = 10.0.40219.1
Project("{FAE04EC0-301F-11D3-BF4B-00C04F79EFBC}") = "LearningCompany_DAO", "LearningCompany_DAO\LearningCompany_DAO.csproj", "{FB148F11-58DB-461D-BBBF-F7FCB83A5F16}"
EndProject
Project("{FAE04EC0-301F-11D3-BF4B-00C04F79EFBC}") = "LearningCompany_WebApp", "LearningCompany_WebApp\LearningCompany_WebApp.csproj", "{F1E5C268-B508-4CCF-A34F-AD2EAF13206F}"
EndProject
Project("{FAE04EC0-301F-11D3-BF4B-00C04F79EFBC}") = "LearningCompany_Tests", "LearningCompany_Tests\LearningCompany_Tests.csproj", "{56682B62-5222-4BA9-A1E6-E52386CB4946}"
EndProject
Project("{2150E333-8FDC-42A3-9474-1A3956D46DE8}") = "LearningCompany_WinRT", "LearningCompany_WinRT", "{D8E9A2D5-7012-4464-9D0C-D276F8C8E05C}"
EndProject
Project("{D954291E-2A0B-460D-934E-DC6B0785DB48}") = "LearningCompany_WinRT.Shared", "LearningCompany_WinRT\LearningCompany_WinRT.Shared\LearningCompany_WinRT.Shared.shproj", "{2DBA9E73-9282-4D69-9548-BCBAC5D98D85}"
EndProject
Project("{FAE04EC0-301F-11D3-BF4B-00C04F79EFBC}") = "LearningCompany_WinRT.Windows", "LearningCompany_WinRT\LearningCompany_WinRT.Windows\LearningCompany_WinRT.Windows.csproj", "{7E6655AE-4F09-4406-8FD5-04EDDD4327BD}"
EndProject
Project("{FAE04EC0-301F-11D3-BF4B-00C04F79EFBC}") = "LearningCompany_WinRT.WindowsPhone", "LearningCompany_WinRT\LearningCompany_WinRT.WindowsPhone\LearningCompany_WinRT.WindowsPhone.csproj", "{443BDD96-4744-491B-9E20-87913572E25A}"
EndProject
Global
	GlobalSection(SharedMSBuildProjectFiles) = preSolution
		LearningCompany_WinRT\LearningCompany_WinRT.Shared\LearningCompany_WinRT.Shared.projitems*{443bdd96-4744-491b-9e20-87913572e25a}*SharedItemsImports = 4
		LearningCompany_WinRT\LearningCompany_WinRT.Shared\LearningCompany_WinRT.Shared.projitems*{2dba9e73-9282-4d69-9548-bcbac5d98d85}*SharedItemsImports = 13
	EndGlobalSection
	GlobalSection(TeamFoundationVersionControl) = preSolution
		SccNumberOfProjects = 8
		SccEnterpriseProvider = {4CA58AB2-18FA-4F8D-95D4-32DDF27D184C}
		SccTeamFoundationServer = https://maxencepapillon.visualstudio.com/defaultcollection
		SccLocalPath0 = .
		SccProjectUniqueName1 = LearningCompany_DAO\\LearningCompany_DAO.csproj
		SccProjectName1 = LearningCompany_DAO
		SccLocalPath1 = LearningCompany_DAO
		SccProjectUniqueName2 = LearningCompany_WebApp\\LearningCompany_WebApp.csproj
		SccProjectName2 = LearningCompany_WebApp
		SccLocalPath2 = LearningCompany_WebApp
		SccProjectUniqueName3 = LearningCompany_Tests\\LearningCompany_Tests.csproj
		SccProjectName3 = LearningCompany_Tests
		SccLocalPath3 = LearningCompany_Tests
		SccProjectUniqueName4 = LearningCompany_WinRT\\LearningCompany_WinRT.Shared\\LearningCompany_WinRT.Shared.shproj
		SccProjectTopLevelParentUniqueName4 = Modern\u0020LearningCompany.sln
		SccProjectName4 = LearningCompany_WinRT/LearningCompany_WinRT.Shared
		SccLocalPath4 = LearningCompany_WinRT\\LearningCompany_WinRT.Shared
		SccProjectUniqueName5 = LearningCompany_WinRT\\LearningCompany_WinRT.Shared\\LearningCompany_WinRT.Shared.projitems
		SccProjectTopLevelParentUniqueName5 = Modern\u0020LearningCompany.sln
		SccProjectName5 = LearningCompany_WinRT/LearningCompany_WinRT.Shared
		SccLocalPath5 = LearningCompany_WinRT\\LearningCompany_WinRT.Shared
		SccProjectUniqueName6 = LearningCompany_WinRT\\LearningCompany_WinRT.Windows\\LearningCompany_WinRT.Windows.csproj
		SccProjectTopLevelParentUniqueName6 = Modern\u0020LearningCompany.sln
		SccProjectName6 = LearningCompany_WinRT/LearningCompany_WinRT.Windows
		SccLocalPath6 = LearningCompany_WinRT\\LearningCompany_WinRT.Windows
		SccProjectUniqueName7 = LearningCompany_WinRT\\LearningCompany_WinRT.WindowsPhone\\LearningCompany_WinRT.WindowsPhone.csproj
		SccProjectTopLevelParentUniqueName7 = Modern\u0020LearningCompany.sln
		SccProjectName7 = LearningCompany_WinRT/LearningCompany_WinRT.WindowsPhone
		SccLocalPath7 = LearningCompany_WinRT\\LearningCompany_WinRT.WindowsPhone
	EndGlobalSection
	GlobalSection(SolutionConfigurationPlatforms) = preSolution
		Debug|Any CPU = Debug|Any CPU
		Debug|ARM = Debug|ARM
		Debug|x64 = Debug|x64
		Debug|x86 = Debug|x86
		Release|Any CPU = Release|Any CPU
		Release|ARM = Release|ARM
		Release|x64 = Release|x64
		Release|x86 = Release|x86
	EndGlobalSection
	GlobalSection(ProjectConfigurationPlatforms) = postSolution
		{FB148F11-58DB-461D-BBBF-F7FCB83A5F16}.Debug|Any CPU.ActiveCfg = Debug|Any CPU
		{FB148F11-58DB-461D-BBBF-F7FCB83A5F16}.Debug|Any CPU.Build.0 = Debug|Any CPU
		{FB148F11-58DB-461D-BBBF-F7FCB83A5F16}.Debug|ARM.ActiveCfg = Debug|Any CPU
		{FB148F11-58DB-461D-BBBF-F7FCB83A5F16}.Debug|x64.ActiveCfg = Debug|Any CPU
		{FB148F11-58DB-461D-BBBF-F7FCB83A5F16}.Debug|x86.ActiveCfg = Debug|Any CPU
		{FB148F11-58DB-461D-BBBF-F7FCB83A5F16}.Release|Any CPU.ActiveCfg = Release|Any CPU
		{FB148F11-58DB-461D-BBBF-F7FCB83A5F16}.Release|Any CPU.Build.0 = Release|Any CPU
		{FB148F11-58DB-461D-BBBF-F7FCB83A5F16}.Release|ARM.ActiveCfg = Release|Any CPU
		{FB148F11-58DB-461D-BBBF-F7FCB83A5F16}.Release|x64.ActiveCfg = Release|Any CPU
		{FB148F11-58DB-461D-BBBF-F7FCB83A5F16}.Release|x86.ActiveCfg = Release|Any CPU
		{F1E5C268-B508-4CCF-A34F-AD2EAF13206F}.Debug|Any CPU.ActiveCfg = Debug|Any CPU
		{F1E5C268-B508-4CCF-A34F-AD2EAF13206F}.Debug|Any CPU.Build.0 = Debug|Any CPU
		{F1E5C268-B508-4CCF-A34F-AD2EAF13206F}.Debug|ARM.ActiveCfg = Debug|Any CPU
		{F1E5C268-B508-4CCF-A34F-AD2EAF13206F}.Debug|x64.ActiveCfg = Debug|Any CPU
		{F1E5C268-B508-4CCF-A34F-AD2EAF13206F}.Debug|x86.ActiveCfg = Debug|Any CPU
		{F1E5C268-B508-4CCF-A34F-AD2EAF13206F}.Release|Any CPU.ActiveCfg = Release|Any CPU
		{F1E5C268-B508-4CCF-A34F-AD2EAF13206F}.Release|Any CPU.Build.0 = Release|Any CPU
		{F1E5C268-B508-4CCF-A34F-AD2EAF13206F}.Release|ARM.ActiveCfg = Release|Any CPU
		{F1E5C268-B508-4CCF-A34F-AD2EAF13206F}.Release|x64.ActiveCfg = Release|Any CPU
		{F1E5C268-B508-4CCF-A34F-AD2EAF13206F}.Release|x86.ActiveCfg = Release|Any CPU
		{56682B62-5222-4BA9-A1E6-E52386CB4946}.Debug|Any CPU.ActiveCfg = Debug|Any CPU
		{56682B62-5222-4BA9-A1E6-E52386CB4946}.Debug|Any CPU.Build.0 = Debug|Any CPU
		{56682B62-5222-4BA9-A1E6-E52386CB4946}.Debug|ARM.ActiveCfg = Debug|Any CPU
		{56682B62-5222-4BA9-A1E6-E52386CB4946}.Debug|x64.ActiveCfg = Debug|Any CPU
		{56682B62-5222-4BA9-A1E6-E52386CB4946}.Debug|x86.ActiveCfg = Debug|Any CPU
		{56682B62-5222-4BA9-A1E6-E52386CB4946}.Release|Any CPU.ActiveCfg = Release|Any CPU
		{56682B62-5222-4BA9-A1E6-E52386CB4946}.Release|Any CPU.Build.0 = Release|Any CPU
		{56682B62-5222-4BA9-A1E6-E52386CB4946}.Release|ARM.ActiveCfg = Release|Any CPU
		{56682B62-5222-4BA9-A1E6-E52386CB4946}.Release|x64.ActiveCfg = Release|Any CPU
		{56682B62-5222-4BA9-A1E6-E52386CB4946}.Release|x86.ActiveCfg = Release|Any CPU
		{7E6655AE-4F09-4406-8FD5-04EDDD4327BD}.Debug|Any CPU.ActiveCfg = Debug|Any CPU
		{7E6655AE-4F09-4406-8FD5-04EDDD4327BD}.Debug|Any CPU.Build.0 = Debug|Any CPU
		{7E6655AE-4F09-4406-8FD5-04EDDD4327BD}.Debug|Any CPU.Deploy.0 = Debug|Any CPU
		{7E6655AE-4F09-4406-8FD5-04EDDD4327BD}.Debug|ARM.ActiveCfg = Debug|ARM
		{7E6655AE-4F09-4406-8FD5-04EDDD4327BD}.Debug|ARM.Build.0 = Debug|ARM
		{7E6655AE-4F09-4406-8FD5-04EDDD4327BD}.Debug|ARM.Deploy.0 = Debug|ARM
		{7E6655AE-4F09-4406-8FD5-04EDDD4327BD}.Debug|x64.ActiveCfg = Debug|x64
		{7E6655AE-4F09-4406-8FD5-04EDDD4327BD}.Debug|x64.Build.0 = Debug|x64
		{7E6655AE-4F09-4406-8FD5-04EDDD4327BD}.Debug|x64.Deploy.0 = Debug|x64
		{7E6655AE-4F09-4406-8FD5-04EDDD4327BD}.Debug|x86.ActiveCfg = Debug|x86
		{7E6655AE-4F09-4406-8FD5-04EDDD4327BD}.Debug|x86.Build.0 = Debug|x86
		{7E6655AE-4F09-4406-8FD5-04EDDD4327BD}.Debug|x86.Deploy.0 = Debug|x86
		{7E6655AE-4F09-4406-8FD5-04EDDD4327BD}.Release|Any CPU.ActiveCfg = Release|Any CPU
		{7E6655AE-4F09-4406-8FD5-04EDDD4327BD}.Release|Any CPU.Build.0 = Release|Any CPU
		{7E6655AE-4F09-4406-8FD5-04EDDD4327BD}.Release|Any CPU.Deploy.0 = Release|Any CPU
		{7E6655AE-4F09-4406-8FD5-04EDDD4327BD}.Release|ARM.ActiveCfg = Release|ARM
		{7E6655AE-4F09-4406-8FD5-04EDDD4327BD}.Release|ARM.Build.0 = Release|ARM
		{7E6655AE-4F09-4406-8FD5-04EDDD4327BD}.Release|ARM.Deploy.0 = Release|ARM
		{7E6655AE-4F09-4406-8FD5-04EDDD4327BD}.Release|x64.ActiveCfg = Release|x64
		{7E6655AE-4F09-4406-8FD5-04EDDD4327BD}.Release|x64.Build.0 = Release|x64
		{7E6655AE-4F09-4406-8FD5-04EDDD4327BD}.Release|x64.Deploy.0 = Release|x64
		{7E6655AE-4F09-4406-8FD5-04EDDD4327BD}.Release|x86.ActiveCfg = Release|x86
		{7E6655AE-4F09-4406-8FD5-04EDDD4327BD}.Release|x86.Build.0 = Release|x86
		{7E6655AE-4F09-4406-8FD5-04EDDD4327BD}.Release|x86.Deploy.0 = Release|x86
		{443BDD96-4744-491B-9E20-87913572E25A}.Debug|Any CPU.ActiveCfg = Debug|Any CPU
		{443BDD96-4744-491B-9E20-87913572E25A}.Debug|Any CPU.Build.0 = Debug|Any CPU
		{443BDD96-4744-491B-9E20-87913572E25A}.Debug|Any CPU.Deploy.0 = Debug|Any CPU
		{443BDD96-4744-491B-9E20-87913572E25A}.Debug|ARM.ActiveCfg = Debug|ARM
		{443BDD96-4744-491B-9E20-87913572E25A}.Debug|ARM.Build.0 = Debug|ARM
		{443BDD96-4744-491B-9E20-87913572E25A}.Debug|ARM.Deploy.0 = Debug|ARM
		{443BDD96-4744-491B-9E20-87913572E25A}.Debug|x64.ActiveCfg = Debug|Any CPU
		{443BDD96-4744-491B-9E20-87913572E25A}.Debug|x86.ActiveCfg = Debug|x86
		{443BDD96-4744-491B-9E20-87913572E25A}.Debug|x86.Build.0 = Debug|x86
		{443BDD96-4744-491B-9E20-87913572E25A}.Debug|x86.Deploy.0 = Debug|x86
		{443BDD96-4744-491B-9E20-87913572E25A}.Release|Any CPU.ActiveCfg = Release|Any CPU
		{443BDD96-4744-491B-9E20-87913572E25A}.Release|Any CPU.Build.0 = Release|Any CPU
		{443BDD96-4744-491B-9E20-87913572E25A}.Release|Any CPU.Deploy.0 = Release|Any CPU
		{443BDD96-4744-491B-9E20-87913572E25A}.Release|ARM.ActiveCfg = Release|ARM
		{443BDD96-4744-491B-9E20-87913572E25A}.Release|ARM.Build.0 = Release|ARM
		{443BDD96-4744-491B-9E20-87913572E25A}.Release|ARM.Deploy.0 = Release|ARM
		{443BDD96-4744-491B-9E20-87913572E25A}.Release|x64.ActiveCfg = Release|Any CPU
		{443BDD96-4744-491B-9E20-87913572E25A}.Release|x86.ActiveCfg = Release|x86
		{443BDD96-4744-491B-9E20-87913572E25A}.Release|x86.Build.0 = Release|x86
		{443BDD96-4744-491B-9E20-87913572E25A}.Release|x86.Deploy.0 = Release|x86
	EndGlobalSection
	GlobalSection(SolutionProperties) = preSolution
		HideSolutionNode = FALSE
	EndGlobalSection
	GlobalSection(NestedProjects) = preSolution
		{2DBA9E73-9282-4D69-9548-BCBAC5D98D85} = {D8E9A2D5-7012-4464-9D0C-D276F8C8E05C}
		{7E6655AE-4F09-4406-8FD5-04EDDD4327BD} = {D8E9A2D5-7012-4464-9D0C-D276F8C8E05C}
		{443BDD96-4744-491B-9E20-87913572E25A} = {D8E9A2D5-7012-4464-9D0C-D276F8C8E05C}
	EndGlobalSection
EndGlobal
