
Microsoft Visual Studio Solution File, Format Version 12.00
# Visual Studio 2013
VisualStudioVersion = 12.0.30324.0
MinimumVisualStudioVersion = 10.0.40219.1
Project("{FAE04EC0-301F-11D3-BF4B-00C04F79EFBC}") = "LearningCompany_DAO", "LearningCompany_DAO\LearningCompany_DAO.csproj", "{FB148F11-58DB-461D-BBBF-F7FCB83A5F16}"
EndProject
Project("{FAE04EC0-301F-11D3-BF4B-00C04F79EFBC}") = "LearningCompany_WebApp", "LearningCompany_WebApp\LearningCompany_WebApp.csproj", "{F1E5C268-B508-4CCF-A34F-AD2EAF13206F}"
EndProject
Project("{FAE04EC0-301F-11D3-BF4B-00C04F79EFBC}") = "LearningCompany_WPLegacy", "LearningCompany_WP\LearningCompany_WPLegacy.csproj", "{C27BD263-A376-4E6F-BAA6-E6336C4E571F}"
EndProject
Project("{FAE04EC0-301F-11D3-BF4B-00C04F79EFBC}") = "LearningCompany_Tests", "LearningCompany_Tests\LearningCompany_Tests.csproj", "{56682B62-5222-4BA9-A1E6-E52386CB4946}"
EndProject
Global
	GlobalSection(TeamFoundationVersionControl) = preSolution
		SccNumberOfProjects = 5
		SccEnterpriseProvider = {4CA58AB2-18FA-4F8D-95D4-32DDF27D184C}
		SccTeamFoundationServer = https://maxencepapillon.visualstudio.com/defaultcollection
		SccLocalPath0 = .
		SccProjectUniqueName1 = LearningCompany_DAO\\LearningCompany_DAO.csproj
		SccProjectName1 = LearningCompany_DAO
		SccLocalPath1 = LearningCompany_DAO
		SccProjectUniqueName2 = LearningCompany_WebApp\\LearningCompany_WebApp.csproj
		SccProjectName2 = LearningCompany_WebApp
		SccLocalPath2 = LearningCompany_WebApp
		SccProjectUniqueName3 = LearningCompany_Tests\\LearningCompany_Tests.csproj
		SccProjectName3 = LearningCompany_Tests
		SccLocalPath3 = LearningCompany_Tests
		SccProjectUniqueName4 = LearningCompany_WP\\LearningCompany_WPLegacy.csproj
		SccProjectName4 = LearningCompany_WP
		SccLocalPath4 = LearningCompany_WP
	EndGlobalSection
	GlobalSection(SolutionConfigurationPlatforms) = preSolution
		Debug|Any CPU = Debug|Any CPU
		Debug|ARM = Debug|ARM
		Debug|x64 = Debug|x64
		Debug|x86 = Debug|x86
		Release|Any CPU = Release|Any CPU
		Release|ARM = Release|ARM
		Release|x64 = Release|x64
		Release|x86 = Release|x86
	EndGlobalSection
	GlobalSection(ProjectConfigurationPlatforms) = postSolution
		{FB148F11-58DB-461D-BBBF-F7FCB83A5F16}.Debug|Any CPU.ActiveCfg = Debug|Any CPU
		{FB148F11-58DB-461D-BBBF-F7FCB83A5F16}.Debug|Any CPU.Build.0 = Debug|Any CPU
		{FB148F11-58DB-461D-BBBF-F7FCB83A5F16}.Debug|ARM.ActiveCfg = Debug|Any CPU
		{FB148F11-58DB-461D-BBBF-F7FCB83A5F16}.Debug|x64.ActiveCfg = Debug|Any CPU
		{FB148F11-58DB-461D-BBBF-F7FCB83A5F16}.Debug|x86.ActiveCfg = Debug|Any CPU
		{FB148F11-58DB-461D-BBBF-F7FCB83A5F16}.Release|Any CPU.ActiveCfg = Release|Any CPU
		{FB148F11-58DB-461D-BBBF-F7FCB83A5F16}.Release|Any CPU.Build.0 = Release|Any CPU
		{FB148F11-58DB-461D-BBBF-F7FCB83A5F16}.Release|ARM.ActiveCfg = Release|Any CPU
		{FB148F11-58DB-461D-BBBF-F7FCB83A5F16}.Release|x64.ActiveCfg = Release|Any CPU
		{FB148F11-58DB-461D-BBBF-F7FCB83A5F16}.Release|x86.ActiveCfg = Release|Any CPU
		{F1E5C268-B508-4CCF-A34F-AD2EAF13206F}.Debug|Any CPU.ActiveCfg = Debug|Any CPU
		{F1E5C268-B508-4CCF-A34F-AD2EAF13206F}.Debug|Any CPU.Build.0 = Debug|Any CPU
		{F1E5C268-B508-4CCF-A34F-AD2EAF13206F}.Debug|ARM.ActiveCfg = Debug|Any CPU
		{F1E5C268-B508-4CCF-A34F-AD2EAF13206F}.Debug|x64.ActiveCfg = Debug|Any CPU
		{F1E5C268-B508-4CCF-A34F-AD2EAF13206F}.Debug|x86.ActiveCfg = Debug|Any CPU
		{F1E5C268-B508-4CCF-A34F-AD2EAF13206F}.Release|Any CPU.ActiveCfg = Release|Any CPU
		{F1E5C268-B508-4CCF-A34F-AD2EAF13206F}.Release|Any CPU.Build.0 = Release|Any CPU
		{F1E5C268-B508-4CCF-A34F-AD2EAF13206F}.Release|ARM.ActiveCfg = Release|Any CPU
		{F1E5C268-B508-4CCF-A34F-AD2EAF13206F}.Release|x64.ActiveCfg = Release|Any CPU
		{F1E5C268-B508-4CCF-A34F-AD2EAF13206F}.Release|x86.ActiveCfg = Release|Any CPU
		{C27BD263-A376-4E6F-BAA6-E6336C4E571F}.Debug|Any CPU.ActiveCfg = Debug|Any CPU
		{C27BD263-A376-4E6F-BAA6-E6336C4E571F}.Debug|Any CPU.Build.0 = Debug|Any CPU
		{C27BD263-A376-4E6F-BAA6-E6336C4E571F}.Debug|Any CPU.Deploy.0 = Debug|Any CPU
		{C27BD263-A376-4E6F-BAA6-E6336C4E571F}.Debug|ARM.ActiveCfg = Debug|ARM
		{C27BD263-A376-4E6F-BAA6-E6336C4E571F}.Debug|ARM.Build.0 = Debug|ARM
		{C27BD263-A376-4E6F-BAA6-E6336C4E571F}.Debug|ARM.Deploy.0 = Debug|ARM
		{C27BD263-A376-4E6F-BAA6-E6336C4E571F}.Debug|x64.ActiveCfg = Debug|Any CPU
		{C27BD263-A376-4E6F-BAA6-E6336C4E571F}.Debug|x86.ActiveCfg = Debug|x86
		{C27BD263-A376-4E6F-BAA6-E6336C4E571F}.Debug|x86.Build.0 = Debug|x86
		{C27BD263-A376-4E6F-BAA6-E6336C4E571F}.Debug|x86.Deploy.0 = Debug|x86
		{C27BD263-A376-4E6F-BAA6-E6336C4E571F}.Release|Any CPU.ActiveCfg = Release|Any CPU
		{C27BD263-A376-4E6F-BAA6-E6336C4E571F}.Release|Any CPU.Build.0 = Release|Any CPU
		{C27BD263-A376-4E6F-BAA6-E6336C4E571F}.Release|Any CPU.Deploy.0 = Release|Any CPU
		{C27BD263-A376-4E6F-BAA6-E6336C4E571F}.Release|ARM.ActiveCfg = Release|ARM
		{C27BD263-A376-4E6F-BAA6-E6336C4E571F}.Release|ARM.Build.0 = Release|ARM
		{C27BD263-A376-4E6F-BAA6-E6336C4E571F}.Release|ARM.Deploy.0 = Release|ARM
		{C27BD263-A376-4E6F-BAA6-E6336C4E571F}.Release|x64.ActiveCfg = Release|Any CPU
		{C27BD263-A376-4E6F-BAA6-E6336C4E571F}.Release|x86.ActiveCfg = Release|x86
		{C27BD263-A376-4E6F-BAA6-E6336C4E571F}.Release|x86.Build.0 = Release|x86
		{C27BD263-A376-4E6F-BAA6-E6336C4E571F}.Release|x86.Deploy.0 = Release|x86
		{56682B62-5222-4BA9-A1E6-E52386CB4946}.Debug|Any CPU.ActiveCfg = Debug|Any CPU
		{56682B62-5222-4BA9-A1E6-E52386CB4946}.Debug|Any CPU.Build.0 = Debug|Any CPU
		{56682B62-5222-4BA9-A1E6-E52386CB4946}.Debug|ARM.ActiveCfg = Debug|Any CPU
		{56682B62-5222-4BA9-A1E6-E52386CB4946}.Debug|x64.ActiveCfg = Debug|Any CPU
		{56682B62-5222-4BA9-A1E6-E52386CB4946}.Debug|x86.ActiveCfg = Debug|Any CPU
		{56682B62-5222-4BA9-A1E6-E52386CB4946}.Release|Any CPU.ActiveCfg = Release|Any CPU
		{56682B62-5222-4BA9-A1E6-E52386CB4946}.Release|Any CPU.Build.0 = Release|Any CPU
		{56682B62-5222-4BA9-A1E6-E52386CB4946}.Release|ARM.ActiveCfg = Release|Any CPU
		{56682B62-5222-4BA9-A1E6-E52386CB4946}.Release|x64.ActiveCfg = Release|Any CPU
		{56682B62-5222-4BA9-A1E6-E52386CB4946}.Release|x86.ActiveCfg = Release|Any CPU
	EndGlobalSection
	GlobalSection(SolutionProperties) = preSolution
		HideSolutionNode = FALSE
	EndGlobalSection
EndGlobal
